
Microsoft Visual Studio Solution File, Format Version 12.00
# Visual Studio Version 16
VisualStudioVersion = 16.0.28803.352
MinimumVisualStudioVersion = 10.0.40219.1
Project("{FAE04EC0-301F-11D3-BF4B-00C04F79EFBC}") = "Lesson06_05.valueIrReference", "Lesson06_05.valueIrReference\Lesson06_05.valueIrReference.csproj", "{E1398093-C40D-475A-9D26-8B55122DEF2B}"
EndProject
Global
	GlobalSection(SolutionConfigurationPlatforms) = preSolution
		Debug|Any CPU = Debug|Any CPU
		Release|Any CPU = Release|Any CPU
	EndGlobalSection
	GlobalSection(ProjectConfigurationPlatforms) = postSolution
		{E1398093-C40D-475A-9D26-8B55122DEF2B}.Debug|Any CPU.ActiveCfg = Debug|Any CPU
		{E1398093-C40D-475A-9D26-8B55122DEF2B}.Debug|Any CPU.Build.0 = Debug|Any CPU
		{E1398093-C40D-475A-9D26-8B55122DEF2B}.Release|Any CPU.ActiveCfg = Release|Any CPU
		{E1398093-C40D-475A-9D26-8B55122DEF2B}.Release|Any CPU.Build.0 = Release|Any CPU
	EndGlobalSection
	GlobalSection(SolutionProperties) = preSolution
		HideSolutionNode = FALSE
	EndGlobalSection
	GlobalSection(ExtensibilityGlobals) = postSolution
		SolutionGuid = {FF32CF1B-C7D3-4BD8-BE4C-E9ECB71B2D8F}
	EndGlobalSection
EndGlobal
