
Microsoft Visual Studio Solution File, Format Version 12.00
# Visual Studio 15
VisualStudioVersion = 15.0.27703.2042
MinimumVisualStudioVersion = 10.0.40219.1
Project("{FAE04EC0-301F-11D3-BF4B-00C04F79EFBC}") = "01.Hello world", "01.Hello world.csproj", "{0BB59B84-8134-4CF5-AB5F-8BB65720EA6D}"
EndProject
Global
	GlobalSection(SolutionConfigurationPlatforms) = preSolution
		Debug|Any CPU = Debug|Any CPU
		Release|Any CPU = Release|Any CPU
	EndGlobalSection
	GlobalSection(ProjectConfigurationPlatforms) = postSolution
		{0BB59B84-8134-4CF5-AB5F-8BB65720EA6D}.Debug|Any CPU.ActiveCfg = Debug|Any CPU
		{0BB59B84-8134-4CF5-AB5F-8BB65720EA6D}.Debug|Any CPU.Build.0 = Debug|Any CPU
		{0BB59B84-8134-4CF5-AB5F-8BB65720EA6D}.Release|Any CPU.ActiveCfg = Release|Any CPU
		{0BB59B84-8134-4CF5-AB5F-8BB65720EA6D}.Release|Any CPU.Build.0 = Release|Any CPU
	EndGlobalSection
	GlobalSection(SolutionProperties) = preSolution
		HideSolutionNode = FALSE
	EndGlobalSection
	GlobalSection(ExtensibilityGlobals) = postSolution
		SolutionGuid = {9B7D8F5E-D751-4AC3-8256-8A8D21F664B0}
	EndGlobalSection
EndGlobal
