
Microsoft Visual Studio Solution File, Format Version 12.00
# Visual Studio Version 16
VisualStudioVersion = 16.0.28803.352
MinimumVisualStudioVersion = 10.0.40219.1
Project("{FAE04EC0-301F-11D3-BF4B-00C04F79EFBC}") = "Lesson06_03.perkrovimas", "Lesson06_03.perkrovimas\Lesson06_03.perkrovimas.csproj", "{8DF910CC-E11C-4049-934B-B095B68C2F01}"
EndProject
Global
	GlobalSection(SolutionConfigurationPlatforms) = preSolution
		Debug|Any CPU = Debug|Any CPU
		Release|Any CPU = Release|Any CPU
	EndGlobalSection
	GlobalSection(ProjectConfigurationPlatforms) = postSolution
		{8DF910CC-E11C-4049-934B-B095B68C2F01}.Debug|Any CPU.ActiveCfg = Debug|Any CPU
		{8DF910CC-E11C-4049-934B-B095B68C2F01}.Debug|Any CPU.Build.0 = Debug|Any CPU
		{8DF910CC-E11C-4049-934B-B095B68C2F01}.Release|Any CPU.ActiveCfg = Release|Any CPU
		{8DF910CC-E11C-4049-934B-B095B68C2F01}.Release|Any CPU.Build.0 = Release|Any CPU
	EndGlobalSection
	GlobalSection(SolutionProperties) = preSolution
		HideSolutionNode = FALSE
	EndGlobalSection
	GlobalSection(ExtensibilityGlobals) = postSolution
		SolutionGuid = {7C4EE47C-0EBC-4DBC-9D7A-AF4B67167C4A}
	EndGlobalSection
EndGlobal
