
Microsoft Visual Studio Solution File, Format Version 12.00
# Visual Studio 15
VisualStudioVersion = 15.0.27703.2042
MinimumVisualStudioVersion = 10.0.40219.1
Project("{FAE04EC0-301F-11D3-BF4B-00C04F79EFBC}") = "Lesson03_01.Types", "Lesson03_01.Types.csproj", "{E8D66A54-875B-4462-9C48-6125E5708A20}"
EndProject
Global
	GlobalSection(SolutionConfigurationPlatforms) = preSolution
		Debug|Any CPU = Debug|Any CPU
		Release|Any CPU = Release|Any CPU
	EndGlobalSection
	GlobalSection(ProjectConfigurationPlatforms) = postSolution
		{E8D66A54-875B-4462-9C48-6125E5708A20}.Debug|Any CPU.ActiveCfg = Debug|Any CPU
		{E8D66A54-875B-4462-9C48-6125E5708A20}.Debug|Any CPU.Build.0 = Debug|Any CPU
		{E8D66A54-875B-4462-9C48-6125E5708A20}.Release|Any CPU.ActiveCfg = Release|Any CPU
		{E8D66A54-875B-4462-9C48-6125E5708A20}.Release|Any CPU.Build.0 = Release|Any CPU
	EndGlobalSection
	GlobalSection(SolutionProperties) = preSolution
		HideSolutionNode = FALSE
	EndGlobalSection
	GlobalSection(ExtensibilityGlobals) = postSolution
		SolutionGuid = {6A21A38F-B975-482C-A051-91DD79E1BB3A}
	EndGlobalSection
EndGlobal
